ticket_id: WEB-2A
agent: codex
start: 2026-06-10T17:30:00+07:00
status: CLOSED (PASS, commit 83d5df4, ledger PHASE-2-BACKEND 2026-06-11)
mode: workspace-write
source_ticket: .agents/inbox/codex/current.md
allowed_files:
  - api/** (new package)
  - engine/** (new package)
  - requirements-api.txt (new)
stop_conditions:
  - any src/* edit
  - any retrieval/ranking/reranker behavior change
  - any LLM/network call except pip install of listed deps
  - validation failure outside scope
