ticket_id: q53-H
agent: codex
start: 2026-06-09T13:10:00+07:00
status: CLOSED
verdict: PASS
implementation_commit: 0079007
reviewer: SELF-REVIEWED against explicit human judgment
close_reason: q53 grades merged and deterministically validated; post-fix eval remains separately gated
allowed_files:
  - eval/runs/2026-06-07-combined-nogit/analysis/regrade/regrade_manifest.json
  - eval/runs/2026-06-07-combined-nogit/analysis/regrade/regrade_sheet.jsonl
  - eval/runs/2026-06-07-combined-nogit/analysis/regrade/regrade_check.json
  - eval/runs/2026-06-07-combined-nogit/gold_labels.jsonl
  - eval/runs/2026-06-07-combined-nogit/metrics.json
  - .agents/inbox/codex/q53-human-label-approval.md
  - .agents/inbox/codex/current.md
  - .agents/outbox/codex/q53-H-result.md
  - .agents/locks/active_ticket.lock
  - .agents/ledger.md
  - docs/superpowers/AUTONOMOUS_CHECKPOINT_LEDGER.md
  - .remember/remember.md
forbidden_files:
  - src/*
  - eval/scripts/*
  - eval/tests/*
  - eval/queries/*
  - any silver_labels.jsonl
  - any candidates.jsonl
  - all other run artifacts
  - AGENTS.md, CLAUDE.md
stop_conditions:
  - checker or merge fails
  - any value differs from the explicit human decision
  - any forbidden file would change
  - any model, network, or eval run is required
